// !$*UTF8*$!
{
	archiveVersion = 1;
	classes = {
	};
	objectVersion = 50;
	objects = {

/* Begin PBXBuildFile section */
		7537DB56204E2B19002C2D6F /* AppDelegate.swift in Sources */ = {isa = PBXBuildFile; fileRef = 7537DB55204E2B19002C2D6F /* AppDelegate.swift */; };
		7537DB58204E2B19002C2D6F /* art.scnassets in Resources */ = {isa = PBXBuildFile; fileRef = 7537DB57204E2B19002C2D6F /* art.scnassets */; };
		7537DB5A204E2B19002C2D6F /* ViewController.swift in Sources */ = {isa = PBXBuildFile; fileRef = 7537DB59204E2B19002C2D6F /* ViewController.swift */; };
		7537DB5D204E2B19002C2D6F /* Main.storyboard in Resources */ = {isa = PBXBuildFile; fileRef = 7537DB5B204E2B19002C2D6F /* Main.storyboard */; };
		7537DB5F204E2B1A002C2D6F /* Assets.xcassets in Resources */ = {isa = PBXBuildFile; fileRef = 7537DB5E204E2B1A002C2D6F /* Assets.xcassets */; };
		7537DB62204E2B1A002C2D6F /* LaunchScreen.storyboard in Resources */ = {isa = PBXBuildFile; fileRef = 7537DB60204E2B1A002C2D6F /* LaunchScreen.storyboard */; };
		7537DB6D204E2B1A002C2D6F /* Face_changingTests.swift in Sources */ = {isa = PBXBuildFile; fileRef = 7537DB6C204E2B1A002C2D6F /* Face_changingTests.swift */; };
		7537DB78204E2B1A002C2D6F /* Face_changingUITests.swift in Sources */ = {isa = PBXBuildFile; fileRef = 7537DB77204E2B1A002C2D6F /* Face_changingUITests.swift */; };
/* End PBXBuildFile section */

/* Begin PBXContainerItemProxy section */
		7537DB69204E2B1A002C2D6F /* PBXContainerItemProxy */ = {
			isa = PBXContainerItemProxy;
			containerPortal = 7537DB4A204E2B19002C2D6F /* Project object */;
			proxyType = 1;
			remoteGlobalIDString = 7537DB51204E2B19002C2D6F;
			remoteInfo = "Face-changing";
		};
		7537DB74204E2B1A002C2D6F /* PBXContainerItemProxy */ = {
			isa = PBXContainerItemProxy;
			containerPortal = 7537DB4A204E2B19002C2D6F /* Project object */;
			proxyType = 1;
			remoteGlobalIDString = 7537DB51204E2B19002C2D6F;
			remoteInfo = "Face-changing";
		};
/* End PBXContainerItemProxy section */

/* Begin PBXFileReference section */
		7537DB52204E2B19002C2D6F /* Face-changing.app */ = {isa = PBXFileReference; explicitFileType = wrapper.application; includeInIndex = 0; path = "Face-changing.app"; sourceTree = BUILT_PRODUCTS_DIR; };
		7537DB55204E2B19002C2D6F /* AppDelegate.swift */ = {isa = PBXFileReference; lastKnownFileType = sourcecode.swift; path = AppDelegate.swift; sourceTree = "<group>"; };
		7537DB57204E2B19002C2D6F /* art.scnassets */ = {isa = PBXFileReference; lastKnownFileType = wrapper.scnassets; path = art.scnassets; sourceTree = "<group>"; };
		7537DB59204E2B19002C2D6F /* ViewController.swift */ = {isa = PBXFileReference; lastKnownFileType = sourcecode.swift; path = ViewController.swift; sourceTree = "<group>"; };
		7537DB5C204E2B19002C2D6F /* Base */ = {isa = PBXFileReference; lastKnownFileType = file.storyboard; name = Base; path = Base.lproj/Main.storyboard; sourceTree = "<group>"; };
		7537DB5E204E2B1A002C2D6F /* Assets.xcassets */ = {isa = PBXFileReference; lastKnownFileType = folder.assetcatalog; path = Assets.xcassets; sourceTree = "<group>"; };
		7537DB61204E2B1A002C2D6F /* Base */ = {isa = PBXFileReference; lastKnownFileType = file.storyboard; name = Base; path = Base.lproj/LaunchScreen.storyboard; sourceTree = "<group>"; };
		7537DB63204E2B1A002C2D6F /* Info.plist */ = {isa = PBXFileReference; lastKnownFileType = text.plist.xml; path = Info.plist; sourceTree = "<group>"; };
		7537DB68204E2B1A002C2D6F /* Face-changingTests.xctest */ = {isa = PBXFileReference; explicitFileType = wrapper.cfbundle; includeInIndex = 0; path = "Face-changingTests.xctest"; sourceTree = BUILT_PRODUCTS_DIR; };
		7537DB6C204E2B1A002C2D6F /* Face_changingTests.swift */ = {isa = PBXFileReference; lastKnownFileType = sourcecode.swift; path = Face_changingTests.swift; sourceTree = "<group>"; };
		7537DB6E204E2B1A002C2D6F /* Info.plist */ = {isa = PBXFileReference; lastKnownFileType = text.plist.xml; path = Info.plist; sourceTree = "<group>"; };
		7537DB73204E2B1A002C2D6F /* Face-changingUITests.xctest */ = {isa = PBXFileReference; explicitFileType = wrapper.cfbundle; includeInIndex = 0; path = "Face-changingUITests.xctest"; sourceTree = BUILT_PRODUCTS_DIR; };
		7537DB77204E2B1A002C2D6F /* Face_changingUITests.swift */ = {isa = PBXFileReference; lastKnownFileType = sourcecode.swift; path = Face_changingUITests.swift; sourceTree = "<group>"; };
		7537DB79204E2B1A002C2D6F /* Info.plist */ = {isa = PBXFileReference; lastKnownFileType = text.plist.xml; path = Info.plist; sourceTree = "<group>"; };
/* End PBXFileReference section */

/* Begin PBXFrameworksBuildPhase section */
		7537DB4F204E2B19002C2D6F /* Frameworks */ = {
			isa = PBXFrameworksBuildPhase;
			buildActionMask = 2147483647;
			files = (
			);
			runOnlyForDeploymentPostprocessing = 0;
		};
		7537DB65204E2B1A002C2D6F /* Frameworks */ = {
			isa = PBXFrameworksBuildPhase;
			buildActionMask = 2147483647;
			files = (
			);
			runOnlyForDeploymentPostprocessing = 0;
		};
		7537DB70204E2B1A002C2D6F /* Frameworks */ = {
			isa = PBXFrameworksBuildPhase;
			buildActionMask = 2147483647;
			files = (
			);
			runOnlyForDeploymentPostprocessing = 0;
		};
/* End PBXFrameworksBuildPhase section */

/* Begin PBXGroup section */
		7537DB49204E2B19002C2D6F = {
			isa = PBXGroup;
			children = (
				7537DB54204E2B19002C2D6F /* Face-changing */,
				7537DB6B204E2B1A002C2D6F /* Face-changingTests */,
				7537DB76204E2B1A002C2D6F /* Face-changingUITests */,
				7537DB53204E2B19002C2D6F /* Products */,
			);
			sourceTree = "<group>";
		};
		7537DB53204E2B19002C2D6F /* Products */ = {
			isa = PBXGroup;
			children = (
				7537DB52204E2B19002C2D6F /* Face-changing.app */,
				7537DB68204E2B1A002C2D6F /* Face-changingTests.xctest */,
				7537DB73204E2B1A002C2D6F /* Face-changingUITests.xctest */,
			);
			name = Products;
			sourceTree = "<group>";
		};
		7537DB54204E2B19002C2D6F /* Face-changing */ = {
			isa = PBXGroup;
			children = (
				7537DB55204E2B19002C2D6F /* AppDelegate.swift */,
				7537DB57204E2B19002C2D6F /* art.scnassets */,
				7537DB59204E2B19002C2D6F /* ViewController.swift */,
				7537DB5B204E2B19002C2D6F /* Main.storyboard */,
				7537DB5E204E2B1A002C2D6F /* Assets.xcassets */,
				7537DB60204E2B1A002C2D6F /* LaunchScreen.storyboard */,
				7537DB63204E2B1A002C2D6F /* Info.plist */,
			);
			path = "Face-changing";
			sourceTree = "<group>";
		};
		7537DB6B204E2B1A002C2D6F /* Face-changingTests */ = {
			isa = PBXGroup;
			children = (
				7537DB6C204E2B1A002C2D6F /* Face_changingTests.swift */,
				7537DB6E204E2B1A002C2D6F /* Info.plist */,
			);
			path = "Face-changingTests";
			sourceTree = "<group>";
		};
		7537DB76204E2B1A002C2D6F /* Face-changingUITests */ = {
			isa = PBXGroup;
			children = (
				7537DB77204E2B1A002C2D6F /* Face_changingUITests.swift */,
				7537DB79204E2B1A002C2D6F /* Info.plist */,
			);
			path = "Face-changingUITests";
			sourceTree = "<group>";
		};
/* End PBXGroup section */

/* Begin PBXNativeTarget section */
		7537DB51204E2B19002C2D6F /* Face-changing */ = {
			isa = PBXNativeTarget;
			buildConfigurationList = 7537DB7C204E2B1A002C2D6F /* Build configuration list for PBXNativeTarget "Face-changing" */;
			buildPhases = (
				7537DB4E204E2B19002C2D6F /* Sources */,
				7537DB4F204E2B19002C2D6F /* Frameworks */,
				7537DB50204E2B19002C2D6F /* Resources */,
			);
			buildRules = (
			);
			dependencies = (
			);
			name = "Face-changing";
			productName = "Face-changing";
			productReference = 7537DB52204E2B19002C2D6F /* Face-changing.app */;
			productType = "com.apple.product-type.application";
		};
		7537DB67204E2B1A002C2D6F /* Face-changingTests */ = {
			isa = PBXNativeTarget;
			buildConfigurationList = 7537DB7F204E2B1A002C2D6F /* Build configuration list for PBXNativeTarget "Face-changingTests" */;
			buildPhases = (
				7537DB64204E2B1A002C2D6F /* Sources */,
				7537DB65204E2B1A002C2D6F /* Frameworks */,
				7537DB66204E2B1A002C2D6F /* Resources */,
			);
			buildRules = (
			);
			dependencies = (
				7537DB6A204E2B1A002C2D6F /* PBXTargetDependency */,
			);
			name = "Face-changingTests";
			productName = "Face-changingTests";
			productReference = 7537DB68204E2B1A002C2D6F /* Face-changingTests.xctest */;
			productType = "com.apple.product-type.bundle.unit-test";
		};
		7537DB72204E2B1A002C2D6F /* Face-changingUITests */ = {
			isa = PBXNativeTarget;
			buildConfigurationList = 7537DB82204E2B1A002C2D6F /* Build configuration list for PBXNativeTarget "Face-changingUITests" */;
			buildPhases = (
				7537DB6F204E2B1A002C2D6F /* Sources */,
				7537DB70204E2B1A002C2D6F /* Frameworks */,
				7537DB71204E2B1A002C2D6F /* Resources */,
			);
			buildRules = (
			);
			dependencies = (
				7537DB75204E2B1A002C2D6F /* PBXTargetDependency */,
			);
			name = "Face-changingUITests";
			productName = "Face-changingUITests";
			productReference = 7537DB73204E2B1A002C2D6F /* Face-changingUITests.xctest */;
			productType = "com.apple.product-type.bundle.ui-testing";
		};
/* End PBXNativeTarget section */

/* Begin PBXProject section */
		7537DB4A204E2B19002C2D6F /* Project object */ = {
			isa = PBXProject;
			attributes = {
				LastSwiftUpdateCheck = 0930;
				LastUpgradeCheck = 0930;
				ORGANIZATIONNAME = wzq;
				TargetAttributes = {
					7537DB51204E2B19002C2D6F = {
						CreatedOnToolsVersion = 9.3;
					};
					7537DB67204E2B1A002C2D6F = {
						CreatedOnToolsVersion = 9.3;
						TestTargetID = 7537DB51204E2B19002C2D6F;
					};
					7537DB72204E2B1A002C2D6F = {
						CreatedOnToolsVersion = 9.3;
						TestTargetID = 7537DB51204E2B19002C2D6F;
					};
				};
			};
			buildConfigurationList = 7537DB4D204E2B19002C2D6F /* Build configuration list for PBXProject "Face-changing" */;
			compatibilityVersion = "Xcode 9.3";
			developmentRegion = en;
			hasScannedForEncodings = 0;
			knownRegions = (
				en,
				Base,
			);
			mainGroup = 7537DB49204E2B19002C2D6F;
			productRefGroup = 7537DB53204E2B19002C2D6F /* Products */;
			projectDirPath = "";
			projectRoot = "";
			targets = (
				7537DB51204E2B19002C2D6F /* Face-changing */,
				7537DB67204E2B1A002C2D6F /* Face-changingTests */,
				7537DB72204E2B1A002C2D6F /* Face-changingUITests */,
			);
		};
/* End PBXProject section */

/* Begin PBXResourcesBuildPhase section */
		7537DB50204E2B19002C2D6F /* Resources */ = {
			isa = PBXResourcesBuildPhase;
			buildActionMask = 2147483647;
			files = (
				7537DB58204E2B19002C2D6F /* art.scnassets in Resources */,
				7537DB62204E2B1A002C2D6F /* LaunchScreen.storyboard in Resources */,
				7537DB5F204E2B1A002C2D6F /* Assets.xcassets in Resources */,
				7537DB5D204E2B19002C2D6F /* Main.storyboard in Resources */,
			);
			runOnlyForDeploymentPostprocessing = 0;
		};
		7537DB66204E2B1A002C2D6F /* Resources */ = {
			isa = PBXResourcesBuildPhase;
			buildActionMask = 2147483647;
			files = (
			);
			runOnlyForDeploymentPostprocessing = 0;
		};
		7537DB71204E2B1A002C2D6F /* Resources */ = {
			isa = PBXResourcesBuildPhase;
			buildActionMask = 2147483647;
			files = (
			);
			runOnlyForDeploymentPostprocessing = 0;
		};
/* End PBXResourcesBuildPhase section */

/* Begin PBXSourcesBuildPhase section */
		7537DB4E204E2B19002C2D6F /* Sources */ = {
			isa = PBXSourcesBuildPhase;
			buildActionMask = 2147483647;
			files = (
				7537DB5A204E2B19002C2D6F /* ViewController.swift in Sources */,
				7537DB56204E2B19002C2D6F /* AppDelegate.swift in Sources */,
			);
			runOnlyForDeploymentPostprocessing = 0;
		};
		7537DB64204E2B1A002C2D6F /* Sources */ = {
			isa = PBXSourcesBuildPhase;
			buildActionMask = 2147483647;
			files = (
				7537DB6D204E2B1A002C2D6F /* Face_changingTests.swift in Sources */,
			);
			runOnlyForDeploymentPostprocessing = 0;
		};
		7537DB6F204E2B1A002C2D6F /* Sources */ = {
			isa = PBXSourcesBuildPhase;
			buildActionMask = 2147483647;
			files = (
				7537DB78204E2B1A002C2D6F /* Face_changingUITests.swift in Sources */,
			);
			runOnlyForDeploymentPostprocessing = 0;
		};
/* End PBXSourcesBuildPhase section */

/* Begin PBXTargetDependency section */
		7537DB6A204E2B1A002C2D6F /* PBXTargetDependency */ = {
			isa = PBXTargetDependency;
			target = 7537DB51204E2B19002C2D6F /* Face-changing */;
			targetProxy = 7537DB69204E2B1A002C2D6F /* PBXContainerItemProxy */;
		};
		7537DB75204E2B1A002C2D6F /* PBXTargetDependency */ = {
			isa = PBXTargetDependency;
			target = 7537DB51204E2B19002C2D6F /* Face-changing */;
			targetProxy = 7537DB74204E2B1A002C2D6F /* PBXContainerItemProxy */;
		};
/* End PBXTargetDependency section */

/* Begin PBXVariantGroup section */
		7537DB5B204E2B19002C2D6F /* Main.storyboard */ = {
			isa = PBXVariantGroup;
			children = (
				7537DB5C204E2B19002C2D6F /* Base */,
			);
			name = Main.storyboard;
			sourceTree = "<group>";
		};
		7537DB60204E2B1A002C2D6F /* LaunchScreen.storyboard */ = {
			isa = PBXVariantGroup;
			children = (
				7537DB61204E2B1A002C2D6F /* Base */,
			);
			name = LaunchScreen.storyboard;
			sourceTree = "<group>";
		};
/* End PBXVariantGroup section */

/* Begin XCBuildConfiguration section */
		7537DB7A204E2B1A002C2D6F /* Debug */ = {
			isa = XCBuildConfiguration;
			buildSettings = {
				ALWAYS_SEARCH_USER_PATHS = NO;
				CLANG_ANALYZER_NONNULL = YES;
				CLANG_ANALYZER_NUMBER_OBJECT_CONVERSION = YES_AGGRESSIVE;
				CLANG_CXX_LANGUAGE_STANDARD = "gnu++14";
				CLANG_CXX_LIBRARY = "libc++";
				CLANG_ENABLE_MODULES = YES;
				CLANG_ENABLE_OBJC_ARC = YES;
				CLANG_ENABLE_OBJC_WEAK = YES;
				CLANG_WARN_BLOCK_CAPTURE_AUTORELEASING = YES;
				CLANG_WARN_BOOL_CONVERSION = YES;
				CLANG_WARN_COMMA = YES;
				CLANG_WARN_CONSTANT_CONVERSION = YES;
				CLANG_WARN_DEPRECATED_OBJC_IMPLEMENTATIONS = YES;
				CLANG_WARN_DIRECT_OBJC_ISA_USAGE = YES_ERROR;
				CLANG_WARN_DOCUMENTATION_COMMENTS = YES;
				CLANG_WARN_EMPTY_BODY = YES;
				CLANG_WARN_ENUM_CONVERSION = YES;
				CLANG_WARN_INFINITE_RECURSION = YES;
				CLANG_WARN_INT_CONVERSION = YES;
				CLANG_WARN_NON_LITERAL_NULL_CONVERSION = YES;
				CLANG_WARN_OBJC_IMPLICIT_RETAIN_SELF = YES;
				CLANG_WARN_OBJC_LITERAL_CONVERSION = YES;
				CLANG_WARN_OBJC_ROOT_CLASS = YES_ERROR;
				CLANG_WARN_RANGE_LOOP_ANALYSIS = YES;
				CLANG_WARN_STRICT_PROTOTYPES = YES;
				CLANG_WARN_SUSPICIOUS_MOVE = YES;
				CLANG_WARN_UNGUARDED_AVAILABILITY = YES_AGGRESSIVE;
				CLANG_WARN_UNREACHABLE_CODE = YES;
				CLANG_WARN__DUPLICATE_METHOD_MATCH = YES;
				CODE_SIGN_IDENTITY = "iPhone Developer";
				COPY_PHASE_STRIP = NO;
				DEBUG_INFORMATION_FORMAT = dwarf;
				ENABLE_STRICT_OBJC_MSGSEND = YES;
				ENABLE_TESTABILITY = YES;
				GCC_C_LANGUAGE_STANDARD = gnu11;
				GCC_DYNAMIC_NO_PIC = NO;
				GCC_NO_COMMON_BLOCKS = YES;
				GCC_OPTIMIZATION_LEVEL = 0;
				GCC_PREPROCESSOR_DEFINITIONS = (
					"DEBUG=1",
					"$(inherited)",
				);
				GCC_WARN_64_TO_32_BIT_CONVERSION = YES;
				GCC_WARN_ABOUT_RETURN_TYPE = YES_ERROR;
				GCC_WARN_UNDECLARED_SELECTOR = YES;
				GCC_WARN_UNINITIALIZED_AUTOS = YES_AGGRESSIVE;
				GCC_WARN_UNUSED_FUNCTION = YES;
				GCC_WARN_UNUSED_VARIABLE = YES;
				IPHONEOS_DEPLOYMENT_TARGET = 11.3;
				MTL_ENABLE_DEBUG_INFO = YES;
				ONLY_ACTIVE_ARCH = YES;
				SDKROOT = iphoneos;
				SWIFT_ACTIVE_COMPILATION_CONDITIONS = DEBUG;
				SWIFT_OPTIMIZATION_LEVEL = "-Onone";
			};
			name = Debug;
		};
		7537DB7B204E2B1A002C2D6F /* Release */ = {
			isa = XCBuildConfiguration;
			buildSettings = {
				ALWAYS_SEARCH_USER_PATHS = NO;
				CLANG_ANALYZER_NONNULL = YES;
				CLANG_ANALYZER_NUMBER_OBJECT_CONVERSION = YES_AGGRESSIVE;
				CLANG_CXX_LANGUAGE_STANDARD = "gnu++14";
				CLANG_CXX_LIBRARY = "libc++";
				CLANG_ENABLE_MODULES = YES;
				CLANG_ENABLE_OBJC_ARC = YES;
				CLANG_ENABLE_OBJC_WEAK = YES;
				CLANG_WARN_BLOCK_CAPTURE_AUTORELEASING = YES;
				CLANG_WARN_BOOL_CONVERSION = YES;
				CLANG_WARN_COMMA = YES;
				CLANG_WARN_CONSTANT_CONVERSION = YES;
				CLANG_WARN_DEPRECATED_OBJC_IMPLEMENTATIONS = YES;
				CLANG_WARN_DIRECT_OBJC_ISA_USAGE = YES_ERROR;
				CLANG_WARN_DOCUMENTATION_COMMENTS = YES;
				CLANG_WARN_EMPTY_BODY = YES;
				CLANG_WARN_ENUM_CONVERSION = YES;
				CLANG_WARN_INFINITE_RECURSION = YES;
				CLANG_WARN_INT_CONVERSION = YES;
				CLANG_WARN_NON_LITERAL_NULL_CONVERSION = YES;
				CLANG_WARN_OBJC_IMPLICIT_RETAIN_SELF = YES;
				CLANG_WARN_OBJC_LITERAL_CONVERSION = YES;
				CLANG_WARN_OBJC_ROOT_CLASS = YES_ERROR;
				CLANG_WARN_RANGE_LOOP_ANALYSIS = YES;
				CLANG_WARN_STRICT_PROTOTYPES = YES;
				CLANG_WARN_SUSPICIOUS_MOVE = YES;
				CLANG_WARN_UNGUARDED_AVAILABILITY = YES_AGGRESSIVE;
				CLANG_WARN_UNREACHABLE_CODE = YES;
				CLANG_WARN__DUPLICATE_METHOD_MATCH = YES;
				CODE_SIGN_IDENTITY = "iPhone Developer";
				COPY_PHASE_STRIP = NO;
				DEBUG_INFORMATION_FORMAT = "dwarf-with-dsym";
				ENABLE_NS_ASSERTIONS = NO;
				ENABLE_STRICT_OBJC_MSGSEND = YES;
				GCC_C_LANGUAGE_STANDARD = gnu11;
				GCC_NO_COMMON_BLOCKS = YES;
				GCC_WARN_64_TO_32_BIT_CONVERSION = YES;
				GCC_WARN_ABOUT_RETURN_TYPE = YES_ERROR;
				GCC_WARN_UNDECLARED_SELECTOR = YES;
				GCC_WARN_UNINITIALIZED_AUTOS = YES_AGGRESSIVE;
				GCC_WARN_UNUSED_FUNCTION = YES;
				GCC_WARN_UNUSED_VARIABLE = YES;
				IPHONEOS_DEPLOYMENT_TARGET = 11.3;
				MTL_ENABLE_DEBUG_INFO = NO;
				SDKROOT = iphoneos;
				SWIFT_COMPILATION_MODE = wholemodule;
				SWIFT_OPTIMIZATION_LEVEL = "-O";
				VALIDATE_PRODUCT = YES;
			};
			name = Release;
		};
		7537DB7D204E2B1A002C2D6F /* Debug */ = {
			isa = XCBuildConfiguration;
			buildSettings = {
				ASSETCATALOG_COMPILER_APPICON_NAME = AppIcon;
				CODE_SIGN_STYLE = Automatic;
				DEVELOPMENT_TEAM = DNTEV65YEZ;
				INFOPLIST_FILE = "Face-changing/Info.plist";
				IPHONEOS_DEPLOYMENT_TARGET = 11.0;
				LD_RUNPATH_SEARCH_PATHS = (
					"$(inherited)",
					"@executable_path/Frameworks",
				);
				PRODUCT_BUNDLE_IDENTIFIER = "wang.inferior.Face-changing";
				PRODUCT_NAME = "$(TARGET_NAME)";
				SWIFT_VERSION = 4.0;
				TARGETED_DEVICE_FAMILY = "1,2";
			};
			name = Debug;
		};
		7537DB7E204E2B1A002C2D6F /* Release */ = {
			isa = XCBuildConfiguration;
			buildSettings = {
				ASSETCATALOG_COMPILER_APPICON_NAME = AppIcon;
				CODE_SIGN_STYLE = Automatic;
				DEVELOPMENT_TEAM = DNTEV65YEZ;
				INFOPLIST_FILE = "Face-changing/Info.plist";
				IPHONEOS_DEPLOYMENT_TARGET = 11.0;
				LD_RUNPATH_SEARCH_PATHS = (
					"$(inherited)",
					"@executable_path/Frameworks",
				);
				PRODUCT_BUNDLE_IDENTIFIER = "wang.inferior.Face-changing";
				PRODUCT_NAME = "$(TARGET_NAME)";
				SWIFT_VERSION = 4.0;
				TARGETED_DEVICE_FAMILY = "1,2";
			};
			name = Release;
		};
		7537DB80204E2B1A002C2D6F /* Debug */ = {
			isa = XCBuildConfiguration;
			buildSettings = {
				ALWAYS_EMBED_SWIFT_STANDARD_LIBRARIES = YES;
				BUNDLE_LOADER = "$(TEST_HOST)";
				CODE_SIGN_STYLE = Automatic;
				DEVELOPMENT_TEAM = DNTEV65YEZ;
				INFOPLIST_FILE = "Face-changingTests/Info.plist";
				LD_RUNPATH_SEARCH_PATHS = (
					"$(inherited)",
					"@executable_path/Frameworks",
					"@loader_path/Frameworks",
				);
				PRODUCT_BUNDLE_IDENTIFIER = "wang.inferior.Face-changingTests";
				PRODUCT_NAME = "$(TARGET_NAME)";
				SWIFT_VERSION = 4.0;
				TARGETED_DEVICE_FAMILY = "1,2";
				TEST_HOST = "$(BUILT_PRODUCTS_DIR)/Face-changing.app/Face-changing";
			};
			name = Debug;
		};
		7537DB81204E2B1A002C2D6F /* Release */ = {
			isa = XCBuildConfiguration;
			buildSettings = {
				ALWAYS_EMBED_SWIFT_STANDARD_LIBRARIES = YES;
				BUNDLE_LOADER = "$(TEST_HOST)";
				CODE_SIGN_STYLE = Automatic;
				DEVELOPMENT_TEAM = DNTEV65YEZ;
				INFOPLIST_FILE = "Face-changingTests/Info.plist";
				LD_RUNPATH_SEARCH_PATHS = (
					"$(inherited)",
					"@executable_path/Frameworks",
					"@loader_path/Frameworks",
				);
				PRODUCT_BUNDLE_IDENTIFIER = "wang.inferior.Face-changingTests";
				PRODUCT_NAME = "$(TARGET_NAME)";
				SWIFT_VERSION = 4.0;
				TARGETED_DEVICE_FAMILY = "1,2";
				TEST_HOST = "$(BUILT_PRODUCTS_DIR)/Face-changing.app/Face-changing";
			};
			name = Release;
		};
		7537DB83204E2B1A002C2D6F /* Debug */ = {
			isa = XCBuildConfiguration;
			buildSettings = {
				ALWAYS_EMBED_SWIFT_STANDARD_LIBRARIES = YES;
				CODE_SIGN_STYLE = Automatic;
				DEVELOPMENT_TEAM = DNTEV65YEZ;
				INFOPLIST_FILE = "Face-changingUITests/Info.plist";
				LD_RUNPATH_SEARCH_PATHS = (
					"$(inherited)",
					"@executable_path/Frameworks",
					"@loader_path/Frameworks",
				);
				PRODUCT_BUNDLE_IDENTIFIER = "wang.inferior.Face-changingUITests";
				PRODUCT_NAME = "$(TARGET_NAME)";
				SWIFT_VERSION = 4.0;
				TARGETED_DEVICE_FAMILY = "1,2";
				TEST_TARGET_NAME = "Face-changing";
			};
			name = Debug;
		};
		7537DB84204E2B1A002C2D6F /* Release */ = {
			isa = XCBuildConfiguration;
			buildSettings = {
				ALWAYS_EMBED_SWIFT_STANDARD_LIBRARIES = YES;
				CODE_SIGN_STYLE = Automatic;
				DEVELOPMENT_TEAM = DNTEV65YEZ;
				INFOPLIST_FILE = "Face-changingUITests/Info.plist";
				LD_RUNPATH_SEARCH_PATHS = (
					"$(inherited)",
					"@executable_path/Frameworks",
					"@loader_path/Frameworks",
				);
				PRODUCT_BUNDLE_IDENTIFIER = "wang.inferior.Face-changingUITests";
				PRODUCT_NAME = "$(TARGET_NAME)";
				SWIFT_VERSION = 4.0;
				TARGETED_DEVICE_FAMILY = "1,2";
				TEST_TARGET_NAME = "Face-changing";
			};
			name = Release;
		};
/* End XCBuildConfiguration section */

/* Begin XCConfigurationList section */
		7537DB4D204E2B19002C2D6F /* Build configuration list for PBXProject "Face-changing" */ = {
			isa = XCConfigurationList;
			buildConfigurations = (
				7537DB7A204E2B1A002C2D6F /* Debug */,
				7537DB7B204E2B1A002C2D6F /* Release */,
			);
			defaultConfigurationIsVisible = 0;
			defaultConfigurationName = Release;
		};
		7537DB7C204E2B1A002C2D6F /* Build configuration list for PBXNativeTarget "Face-changing" */ = {
			isa = XCConfigurationList;
			buildConfigurations = (
				7537DB7D204E2B1A002C2D6F /* Debug */,
				7537DB7E204E2B1A002C2D6F /* Release */,
			);
			defaultConfigurationIsVisible = 0;
			defaultConfigurationName = Release;
		};
		7537DB7F204E2B1A002C2D6F /* Build configuration list for PBXNativeTarget "Face-changingTests" */ = {
			isa = XCConfigurationList;
			buildConfigurations = (
				7537DB80204E2B1A002C2D6F /* Debug */,
				7537DB81204E2B1A002C2D6F /* Release */,
			);
			defaultConfigurationIsVisible = 0;
			defaultConfigurationName = Release;
		};
		7537DB82204E2B1A002C2D6F /* Build configuration list for PBXNativeTarget "Face-changingUITests" */ = {
			isa = XCConfigurationList;
			buildConfigurations = (
				7537DB83204E2B1A002C2D6F /* Debug */,
				7537DB84204E2B1A002C2D6F /* Release */,
			);
			defaultConfigurationIsVisible = 0;
			defaultConfigurationName = Release;
		};
/* End XCConfigurationList section */
	};
	rootObject = 7537DB4A204E2B19002C2D6F /* Project object */;
}
