// !$*UTF8*$!
{
	archiveVersion = 1;
	classes = {
	};
	objectVersion = 48;
	objects = {

/* Begin PBXBuildFile section */
		75BFD1C8204E3C220027E708 /* AppDelegate.swift in Sources */ = {isa = PBXBuildFile; fileRef = 75BFD1C7204E3C220027E708 /* AppDelegate.swift */; };
		75BFD1CA204E3C220027E708 /* art.scnassets in Resources */ = {isa = PBXBuildFile; fileRef = 75BFD1C9204E3C220027E708 /* art.scnassets */; };
		75BFD1CC204E3C220027E708 /* ViewController.swift in Sources */ = {isa = PBXBuildFile; fileRef = 75BFD1CB204E3C220027E708 /* ViewController.swift */; };
		75BFD1CF204E3C220027E708 /* Main.storyboard in Resources */ = {isa = PBXBuildFile; fileRef = 75BFD1CD204E3C220027E708 /* Main.storyboard */; };
		75BFD1D1204E3C220027E708 /* Assets.xcassets in Resources */ = {isa = PBXBuildFile; fileRef = 75BFD1D0204E3C220027E708 /* Assets.xcassets */; };
		75BFD1D4204E3C220027E708 /* LaunchScreen.storyboard in Resources */ = {isa = PBXBuildFile; fileRef = 75BFD1D2204E3C220027E708 /* LaunchScreen.storyboard */; };
		75BFD1DF204E3C220027E708 /* Face_changingTests.swift in Sources */ = {isa = PBXBuildFile; fileRef = 75BFD1DE204E3C220027E708 /* Face_changingTests.swift */; };
		75BFD1EA204E3C220027E708 /* Face_changingUITests.swift in Sources */ = {isa = PBXBuildFile; fileRef = 75BFD1E9204E3C220027E708 /* Face_changingUITests.swift */; };
/* End PBXBuildFile section */

/* Begin PBXContainerItemProxy section */
		75BFD1DB204E3C220027E708 /* PBXContainerItemProxy */ = {
			isa = PBXContainerItemProxy;
			containerPortal = 75BFD1BC204E3C220027E708 /* Project object */;
			proxyType = 1;
			remoteGlobalIDString = 75BFD1C3204E3C220027E708;
			remoteInfo = "Face-changing";
		};
		75BFD1E6204E3C220027E708 /* PBXContainerItemProxy */ = {
			isa = PBXContainerItemProxy;
			containerPortal = 75BFD1BC204E3C220027E708 /* Project object */;
			proxyType = 1;
			remoteGlobalIDString = 75BFD1C3204E3C220027E708;
			remoteInfo = "Face-changing";
		};
/* End PBXContainerItemProxy section */

/* Begin PBXFileReference section */
		75BFD1C4204E3C220027E708 /* Face-changing.app */ = {isa = PBXFileReference; explicitFileType = wrapper.application; includeInIndex = 0; path = "Face-changing.app"; sourceTree = BUILT_PRODUCTS_DIR; };
		75BFD1C7204E3C220027E708 /* AppDelegate.swift */ = {isa = PBXFileReference; lastKnownFileType = sourcecode.swift; path = AppDelegate.swift; sourceTree = "<group>"; };
		75BFD1C9204E3C220027E708 /* art.scnassets */ = {isa = PBXFileReference; lastKnownFileType = wrapper.scnassets; path = art.scnassets; sourceTree = "<group>"; };
		75BFD1CB204E3C220027E708 /* ViewController.swift */ = {isa = PBXFileReference; lastKnownFileType = sourcecode.swift; path = ViewController.swift; sourceTree = "<group>"; };
		75BFD1CE204E3C220027E708 /* Base */ = {isa = PBXFileReference; lastKnownFileType = file.storyboard; name = Base; path = Base.lproj/Main.storyboard; sourceTree = "<group>"; };
		75BFD1D0204E3C220027E708 /* Assets.xcassets */ = {isa = PBXFileReference; lastKnownFileType = folder.assetcatalog; path = Assets.xcassets; sourceTree = "<group>"; };
		75BFD1D3204E3C220027E708 /* Base */ = {isa = PBXFileReference; lastKnownFileType = file.storyboard; name = Base; path = Base.lproj/LaunchScreen.storyboard; sourceTree = "<group>"; };
		75BFD1D5204E3C220027E708 /* Info.plist */ = {isa = PBXFileReference; lastKnownFileType = text.plist.xml; path = Info.plist; sourceTree = "<group>"; };
		75BFD1DA204E3C220027E708 /* Face-changingTests.xctest */ = {isa = PBXFileReference; explicitFileType = wrapper.cfbundle; includeInIndex = 0; path = "Face-changingTests.xctest"; sourceTree = BUILT_PRODUCTS_DIR; };
		75BFD1DE204E3C220027E708 /* Face_changingTests.swift */ = {isa = PBXFileReference; lastKnownFileType = sourcecode.swift; path = Face_changingTests.swift; sourceTree = "<group>"; };
		75BFD1E0204E3C220027E708 /* Info.plist */ = {isa = PBXFileReference; lastKnownFileType = text.plist.xml; path = Info.plist; sourceTree = "<group>"; };
		75BFD1E5204E3C220027E708 /* Face-changingUITests.xctest */ = {isa = PBXFileReference; explicitFileType = wrapper.cfbundle; includeInIndex = 0; path = "Face-changingUITests.xctest"; sourceTree = BUILT_PRODUCTS_DIR; };
		75BFD1E9204E3C220027E708 /* Face_changingUITests.swift */ = {isa = PBXFileReference; lastKnownFileType = sourcecode.swift; path = Face_changingUITests.swift; sourceTree = "<group>"; };
		75BFD1EB204E3C220027E708 /* Info.plist */ = {isa = PBXFileReference; lastKnownFileType = text.plist.xml; path = Info.plist; sourceTree = "<group>"; };
/* End PBXFileReference section */

/* Begin PBXFrameworksBuildPhase section */
		75BFD1C1204E3C220027E708 /* Frameworks */ = {
			isa = PBXFrameworksBuildPhase;
			buildActionMask = 2147483647;
			files = (
			);
			runOnlyForDeploymentPostprocessing = 0;
		};
		75BFD1D7204E3C220027E708 /* Frameworks */ = {
			isa = PBXFrameworksBuildPhase;
			buildActionMask = 2147483647;
			files = (
			);
			runOnlyForDeploymentPostprocessing = 0;
		};
		75BFD1E2204E3C220027E708 /* Frameworks */ = {
			isa = PBXFrameworksBuildPhase;
			buildActionMask = 2147483647;
			files = (
			);
			runOnlyForDeploymentPostprocessing = 0;
		};
/* End PBXFrameworksBuildPhase section */

/* Begin PBXGroup section */
		75BFD1BB204E3C220027E708 = {
			isa = PBXGroup;
			children = (
				75BFD1C6204E3C220027E708 /* Face-changing */,
				75BFD1DD204E3C220027E708 /* Face-changingTests */,
				75BFD1E8204E3C220027E708 /* Face-changingUITests */,
				75BFD1C5204E3C220027E708 /* Products */,
			);
			sourceTree = "<group>";
		};
		75BFD1C5204E3C220027E708 /* Products */ = {
			isa = PBXGroup;
			children = (
				75BFD1C4204E3C220027E708 /* Face-changing.app */,
				75BFD1DA204E3C220027E708 /* Face-changingTests.xctest */,
				75BFD1E5204E3C220027E708 /* Face-changingUITests.xctest */,
			);
			name = Products;
			sourceTree = "<group>";
		};
		75BFD1C6204E3C220027E708 /* Face-changing */ = {
			isa = PBXGroup;
			children = (
				75BFD1C7204E3C220027E708 /* AppDelegate.swift */,
				75BFD1C9204E3C220027E708 /* art.scnassets */,
				75BFD1CB204E3C220027E708 /* ViewController.swift */,
				75BFD1CD204E3C220027E708 /* Main.storyboard */,
				75BFD1D0204E3C220027E708 /* Assets.xcassets */,
				75BFD1D2204E3C220027E708 /* LaunchScreen.storyboard */,
				75BFD1D5204E3C220027E708 /* Info.plist */,
			);
			path = "Face-changing";
			sourceTree = "<group>";
		};
		75BFD1DD204E3C220027E708 /* Face-changingTests */ = {
			isa = PBXGroup;
			children = (
				75BFD1DE204E3C220027E708 /* Face_changingTests.swift */,
				75BFD1E0204E3C220027E708 /* Info.plist */,
			);
			path = "Face-changingTests";
			sourceTree = "<group>";
		};
		75BFD1E8204E3C220027E708 /* Face-changingUITests */ = {
			isa = PBXGroup;
			children = (
				75BFD1E9204E3C220027E708 /* Face_changingUITests.swift */,
				75BFD1EB204E3C220027E708 /* Info.plist */,
			);
			path = "Face-changingUITests";
			sourceTree = "<group>";
		};
/* End PBXGroup section */

/* Begin PBXNativeTarget section */
		75BFD1C3204E3C220027E708 /* Face-changing */ = {
			isa = PBXNativeTarget;
			buildConfigurationList = 75BFD1EE204E3C220027E708 /* Build configuration list for PBXNativeTarget "Face-changing" */;
			buildPhases = (
				75BFD1C0204E3C220027E708 /* Sources */,
				75BFD1C1204E3C220027E708 /* Frameworks */,
				75BFD1C2204E3C220027E708 /* Resources */,
			);
			buildRules = (
			);
			dependencies = (
			);
			name = "Face-changing";
			productName = "Face-changing";
			productReference = 75BFD1C4204E3C220027E708 /* Face-changing.app */;
			productType = "com.apple.product-type.application";
		};
		75BFD1D9204E3C220027E708 /* Face-changingTests */ = {
			isa = PBXNativeTarget;
			buildConfigurationList = 75BFD1F1204E3C220027E708 /* Build configuration list for PBXNativeTarget "Face-changingTests" */;
			buildPhases = (
				75BFD1D6204E3C220027E708 /* Sources */,
				75BFD1D7204E3C220027E708 /* Frameworks */,
				75BFD1D8204E3C220027E708 /* Resources */,
			);
			buildRules = (
			);
			dependencies = (
				75BFD1DC204E3C220027E708 /* PBXTargetDependency */,
			);
			name = "Face-changingTests";
			productName = "Face-changingTests";
			productReference = 75BFD1DA204E3C220027E708 /* Face-changingTests.xctest */;
			productType = "com.apple.product-type.bundle.unit-test";
		};
		75BFD1E4204E3C220027E708 /* Face-changingUITests */ = {
			isa = PBXNativeTarget;
			buildConfigurationList = 75BFD1F4204E3C220027E708 /* Build configuration list for PBXNativeTarget "Face-changingUITests" */;
			buildPhases = (
				75BFD1E1204E3C220027E708 /* Sources */,
				75BFD1E2204E3C220027E708 /* Frameworks */,
				75BFD1E3204E3C220027E708 /* Resources */,
			);
			buildRules = (
			);
			dependencies = (
				75BFD1E7204E3C220027E708 /* PBXTargetDependency */,
			);
			name = "Face-changingUITests";
			productName = "Face-changingUITests";
			productReference = 75BFD1E5204E3C220027E708 /* Face-changingUITests.xctest */;
			productType = "com.apple.product-type.bundle.ui-testing";
		};
/* End PBXNativeTarget section */

/* Begin PBXProject section */
		75BFD1BC204E3C220027E708 /* Project object */ = {
			isa = PBXProject;
			attributes = {
				LastSwiftUpdateCheck = 0920;
				LastUpgradeCheck = 0920;
				ORGANIZATIONNAME = wzq;
				TargetAttributes = {
					75BFD1C3204E3C220027E708 = {
						CreatedOnToolsVersion = 9.2;
						ProvisioningStyle = Automatic;
					};
					75BFD1D9204E3C220027E708 = {
						CreatedOnToolsVersion = 9.2;
						ProvisioningStyle = Automatic;
						TestTargetID = 75BFD1C3204E3C220027E708;
					};
					75BFD1E4204E3C220027E708 = {
						CreatedOnToolsVersion = 9.2;
						ProvisioningStyle = Automatic;
						TestTargetID = 75BFD1C3204E3C220027E708;
					};
				};
			};
			buildConfigurationList = 75BFD1BF204E3C220027E708 /* Build configuration list for PBXProject "Face-changing" */;
			compatibilityVersion = "Xcode 8.0";
			developmentRegion = en;
			hasScannedForEncodings = 0;
			knownRegions = (
				en,
				Base,
			);
			mainGroup = 75BFD1BB204E3C220027E708;
			productRefGroup = 75BFD1C5204E3C220027E708 /* Products */;
			projectDirPath = "";
			projectRoot = "";
			targets = (
				75BFD1C3204E3C220027E708 /* Face-changing */,
				75BFD1D9204E3C220027E708 /* Face-changingTests */,
				75BFD1E4204E3C220027E708 /* Face-changingUITests */,
			);
		};
/* End PBXProject section */

/* Begin PBXResourcesBuildPhase section */
		75BFD1C2204E3C220027E708 /* Resources */ = {
			isa = PBXResourcesBuildPhase;
			buildActionMask = 2147483647;
			files = (
				75BFD1CA204E3C220027E708 /* art.scnassets in Resources */,
				75BFD1D4204E3C220027E708 /* LaunchScreen.storyboard in Resources */,
				75BFD1D1204E3C220027E708 /* Assets.xcassets in Resources */,
				75BFD1CF204E3C220027E708 /* Main.storyboard in Resources */,
			);
			runOnlyForDeploymentPostprocessing = 0;
		};
		75BFD1D8204E3C220027E708 /* Resources */ = {
			isa = PBXResourcesBuildPhase;
			buildActionMask = 2147483647;
			files = (
			);
			runOnlyForDeploymentPostprocessing = 0;
		};
		75BFD1E3204E3C220027E708 /* Resources */ = {
			isa = PBXResourcesBuildPhase;
			buildActionMask = 2147483647;
			files = (
			);
			runOnlyForDeploymentPostprocessing = 0;
		};
/* End PBXResourcesBuildPhase section */

/* Begin PBXSourcesBuildPhase section */
		75BFD1C0204E3C220027E708 /* Sources */ = {
			isa = PBXSourcesBuildPhase;
			buildActionMask = 2147483647;
			files = (
				75BFD1CC204E3C220027E708 /* ViewController.swift in Sources */,
				75BFD1C8204E3C220027E708 /* AppDelegate.swift in Sources */,
			);
			runOnlyForDeploymentPostprocessing = 0;
		};
		75BFD1D6204E3C220027E708 /* Sources */ = {
			isa = PBXSourcesBuildPhase;
			buildActionMask = 2147483647;
			files = (
				75BFD1DF204E3C220027E708 /* Face_changingTests.swift in Sources */,
			);
			runOnlyForDeploymentPostprocessing = 0;
		};
		75BFD1E1204E3C220027E708 /* Sources */ = {
			isa = PBXSourcesBuildPhase;
			buildActionMask = 2147483647;
			files = (
				75BFD1EA204E3C220027E708 /* Face_changingUITests.swift in Sources */,
			);
			runOnlyForDeploymentPostprocessing = 0;
		};
/* End PBXSourcesBuildPhase section */

/* Begin PBXTargetDependency section */
		75BFD1DC204E3C220027E708 /* PBXTargetDependency */ = {
			isa = PBXTargetDependency;
			target = 75BFD1C3204E3C220027E708 /* Face-changing */;
			targetProxy = 75BFD1DB204E3C220027E708 /* PBXContainerItemProxy */;
		};
		75BFD1E7204E3C220027E708 /* PBXTargetDependency */ = {
			isa = PBXTargetDependency;
			target = 75BFD1C3204E3C220027E708 /* Face-changing */;
			targetProxy = 75BFD1E6204E3C220027E708 /* PBXContainerItemProxy */;
		};
/* End PBXTargetDependency section */

/* Begin PBXVariantGroup section */
		75BFD1CD204E3C220027E708 /* Main.storyboard */ = {
			isa = PBXVariantGroup;
			children = (
				75BFD1CE204E3C220027E708 /* Base */,
			);
			name = Main.storyboard;
			sourceTree = "<group>";
		};
		75BFD1D2204E3C220027E708 /* LaunchScreen.storyboard */ = {
			isa = PBXVariantGroup;
			children = (
				75BFD1D3204E3C220027E708 /* Base */,
			);
			name = LaunchScreen.storyboard;
			sourceTree = "<group>";
		};
/* End PBXVariantGroup section */

/* Begin XCBuildConfiguration section */
		75BFD1EC204E3C220027E708 /* Debug */ = {
			isa = XCBuildConfiguration;
			buildSettings = {
				ALWAYS_SEARCH_USER_PATHS = NO;
				CLANG_ANALYZER_NONNULL = YES;
				CLANG_ANALYZER_NUMBER_OBJECT_CONVERSION = YES_AGGRESSIVE;
				CLANG_CXX_LANGUAGE_STANDARD = "gnu++14";
				CLANG_CXX_LIBRARY = "libc++";
				CLANG_ENABLE_MODULES = YES;
				CLANG_ENABLE_OBJC_ARC = YES;
				CLANG_WARN_BLOCK_CAPTURE_AUTORELEASING = YES;
				CLANG_WARN_BOOL_CONVERSION = YES;
				CLANG_WARN_COMMA = YES;
				CLANG_WARN_CONSTANT_CONVERSION = YES;
				CLANG_WARN_DIRECT_OBJC_ISA_USAGE = YES_ERROR;
				CLANG_WARN_DOCUMENTATION_COMMENTS = YES;
				CLANG_WARN_EMPTY_BODY = YES;
				CLANG_WARN_ENUM_CONVERSION = YES;
				CLANG_WARN_INFINITE_RECURSION = YES;
				CLANG_WARN_INT_CONVERSION = YES;
				CLANG_WARN_NON_LITERAL_NULL_CONVERSION = YES;
				CLANG_WARN_OBJC_LITERAL_CONVERSION = YES;
				CLANG_WARN_OBJC_ROOT_CLASS = YES_ERROR;
				CLANG_WARN_RANGE_LOOP_ANALYSIS = YES;
				CLANG_WARN_STRICT_PROTOTYPES = YES;
				CLANG_WARN_SUSPICIOUS_MOVE = YES;
				CLANG_WARN_UNGUARDED_AVAILABILITY = YES_AGGRESSIVE;
				CLANG_WARN_UNREACHABLE_CODE = YES;
				CLANG_WARN__DUPLICATE_METHOD_MATCH = YES;
				CODE_SIGN_IDENTITY = "iPhone Developer";
				COPY_PHASE_STRIP = NO;
				DEBUG_INFORMATION_FORMAT = dwarf;
				ENABLE_STRICT_OBJC_MSGSEND = YES;
				ENABLE_TESTABILITY = YES;
				GCC_C_LANGUAGE_STANDARD = gnu11;
				GCC_DYNAMIC_NO_PIC = NO;
				GCC_NO_COMMON_BLOCKS = YES;
				GCC_OPTIMIZATION_LEVEL = 0;
				GCC_PREPROCESSOR_DEFINITIONS = (
					"DEBUG=1",
					"$(inherited)",
				);
				GCC_WARN_64_TO_32_BIT_CONVERSION = YES;
				GCC_WARN_ABOUT_RETURN_TYPE = YES_ERROR;
				GCC_WARN_UNDECLARED_SELECTOR = YES;
				GCC_WARN_UNINITIALIZED_AUTOS = YES_AGGRESSIVE;
				GCC_WARN_UNUSED_FUNCTION = YES;
				GCC_WARN_UNUSED_VARIABLE = YES;
				IPHONEOS_DEPLOYMENT_TARGET = 11.2;
				MTL_ENABLE_DEBUG_INFO = YES;
				ONLY_ACTIVE_ARCH = YES;
				SDKROOT = iphoneos;
				SWIFT_ACTIVE_COMPILATION_CONDITIONS = DEBUG;
				SWIFT_OPTIMIZATION_LEVEL = "-Onone";
			};
			name = Debug;
		};
		75BFD1ED204E3C220027E708 /* Release */ = {
			isa = XCBuildConfiguration;
			buildSettings = {
				ALWAYS_SEARCH_USER_PATHS = NO;
				CLANG_ANALYZER_NONNULL = YES;
				CLANG_ANALYZER_NUMBER_OBJECT_CONVERSION = YES_AGGRESSIVE;
				CLANG_CXX_LANGUAGE_STANDARD = "gnu++14";
				CLANG_CXX_LIBRARY = "libc++";
				CLANG_ENABLE_MODULES = YES;
				CLANG_ENABLE_OBJC_ARC = YES;
				CLANG_WARN_BLOCK_CAPTURE_AUTORELEASING = YES;
				CLANG_WARN_BOOL_CONVERSION = YES;
				CLANG_WARN_COMMA = YES;
				CLANG_WARN_CONSTANT_CONVERSION = YES;
				CLANG_WARN_DIRECT_OBJC_ISA_USAGE = YES_ERROR;
				CLANG_WARN_DOCUMENTATION_COMMENTS = YES;
				CLANG_WARN_EMPTY_BODY = YES;
				CLANG_WARN_ENUM_CONVERSION = YES;
				CLANG_WARN_INFINITE_RECURSION = YES;
				CLANG_WARN_INT_CONVERSION = YES;
				CLANG_WARN_NON_LITERAL_NULL_CONVERSION = YES;
				CLANG_WARN_OBJC_LITERAL_CONVERSION = YES;
				CLANG_WARN_OBJC_ROOT_CLASS = YES_ERROR;
				CLANG_WARN_RANGE_LOOP_ANALYSIS = YES;
				CLANG_WARN_STRICT_PROTOTYPES = YES;
				CLANG_WARN_SUSPICIOUS_MOVE = YES;
				CLANG_WARN_UNGUARDED_AVAILABILITY = YES_AGGRESSIVE;
				CLANG_WARN_UNREACHABLE_CODE = YES;
				CLANG_WARN__DUPLICATE_METHOD_MATCH = YES;
				CODE_SIGN_IDENTITY = "iPhone Developer";
				COPY_PHASE_STRIP = NO;
				DEBUG_INFORMATION_FORMAT = "dwarf-with-dsym";
				ENABLE_NS_ASSERTIONS = NO;
				ENABLE_STRICT_OBJC_MSGSEND = YES;
				GCC_C_LANGUAGE_STANDARD = gnu11;
				GCC_NO_COMMON_BLOCKS = YES;
				GCC_WARN_64_TO_32_BIT_CONVERSION = YES;
				GCC_WARN_ABOUT_RETURN_TYPE = YES_ERROR;
				GCC_WARN_UNDECLARED_SELECTOR = YES;
				GCC_WARN_UNINITIALIZED_AUTOS = YES_AGGRESSIVE;
				GCC_WARN_UNUSED_FUNCTION = YES;
				GCC_WARN_UNUSED_VARIABLE = YES;
				IPHONEOS_DEPLOYMENT_TARGET = 11.2;
				MTL_ENABLE_DEBUG_INFO = NO;
				SDKROOT = iphoneos;
				SWIFT_OPTIMIZATION_LEVEL = "-Owholemodule";
				VALIDATE_PRODUCT = YES;
			};
			name = Release;
		};
		75BFD1EF204E3C220027E708 /* Debug */ = {
			isa = XCBuildConfiguration;
			buildSettings = {
				ASSETCATALOG_COMPILER_APPICON_NAME = AppIcon;
				CODE_SIGN_STYLE = Automatic;
				DEVELOPMENT_TEAM = DNTEV65YEZ;
				INFOPLIST_FILE = "Face-changing/Info.plist";
				LD_RUNPATH_SEARCH_PATHS = "$(inherited) @executable_path/Frameworks";
				PRODUCT_BUNDLE_IDENTIFIER = "wang.inferior.Face-changing";
				PRODUCT_NAME = "$(TARGET_NAME)";
				SWIFT_VERSION = 4.0;
				TARGETED_DEVICE_FAMILY = "1,2";
			};
			name = Debug;
		};
		75BFD1F0204E3C220027E708 /* Release */ = {
			isa = XCBuildConfiguration;
			buildSettings = {
				ASSETCATALOG_COMPILER_APPICON_NAME = AppIcon;
				CODE_SIGN_STYLE = Automatic;
				DEVELOPMENT_TEAM = DNTEV65YEZ;
				INFOPLIST_FILE = "Face-changing/Info.plist";
				LD_RUNPATH_SEARCH_PATHS = "$(inherited) @executable_path/Frameworks";
				PRODUCT_BUNDLE_IDENTIFIER = "wang.inferior.Face-changing";
				PRODUCT_NAME = "$(TARGET_NAME)";
				SWIFT_VERSION = 4.0;
				TARGETED_DEVICE_FAMILY = "1,2";
			};
			name = Release;
		};
		75BFD1F2204E3C220027E708 /* Debug */ = {
			isa = XCBuildConfiguration;
			buildSettings = {
				ALWAYS_EMBED_SWIFT_STANDARD_LIBRARIES = YES;
				BUNDLE_LOADER = "$(TEST_HOST)";
				CODE_SIGN_STYLE = Automatic;
				DEVELOPMENT_TEAM = DNTEV65YEZ;
				INFOPLIST_FILE = "Face-changingTests/Info.plist";
				LD_RUNPATH_SEARCH_PATHS = "$(inherited) @executable_path/Frameworks @loader_path/Frameworks";
				PRODUCT_BUNDLE_IDENTIFIER = "wang.inferior.Face-changingTests";
				PRODUCT_NAME = "$(TARGET_NAME)";
				SWIFT_VERSION = 4.0;
				TARGETED_DEVICE_FAMILY = "1,2";
				TEST_HOST = "$(BUILT_PRODUCTS_DIR)/Face-changing.app/Face-changing";
			};
			name = Debug;
		};
		75BFD1F3204E3C220027E708 /* Release */ = {
			isa = XCBuildConfiguration;
			buildSettings = {
				ALWAYS_EMBED_SWIFT_STANDARD_LIBRARIES = YES;
				BUNDLE_LOADER = "$(TEST_HOST)";
				CODE_SIGN_STYLE = Automatic;
				DEVELOPMENT_TEAM = DNTEV65YEZ;
				INFOPLIST_FILE = "Face-changingTests/Info.plist";
				LD_RUNPATH_SEARCH_PATHS = "$(inherited) @executable_path/Frameworks @loader_path/Frameworks";
				PRODUCT_BUNDLE_IDENTIFIER = "wang.inferior.Face-changingTests";
				PRODUCT_NAME = "$(TARGET_NAME)";
				SWIFT_VERSION = 4.0;
				TARGETED_DEVICE_FAMILY = "1,2";
				TEST_HOST = "$(BUILT_PRODUCTS_DIR)/Face-changing.app/Face-changing";
			};
			name = Release;
		};
		75BFD1F5204E3C220027E708 /* Debug */ = {
			isa = XCBuildConfiguration;
			buildSettings = {
				ALWAYS_EMBED_SWIFT_STANDARD_LIBRARIES = YES;
				CODE_SIGN_STYLE = Automatic;
				DEVELOPMENT_TEAM = DNTEV65YEZ;
				INFOPLIST_FILE = "Face-changingUITests/Info.plist";
				LD_RUNPATH_SEARCH_PATHS = "$(inherited) @executable_path/Frameworks @loader_path/Frameworks";
				PRODUCT_BUNDLE_IDENTIFIER = "wang.inferior.Face-changingUITests";
				PRODUCT_NAME = "$(TARGET_NAME)";
				SWIFT_VERSION = 4.0;
				TARGETED_DEVICE_FAMILY = "1,2";
				TEST_TARGET_NAME = "Face-changing";
			};
			name = Debug;
		};
		75BFD1F6204E3C220027E708 /* Release */ = {
			isa = XCBuildConfiguration;
			buildSettings = {
				ALWAYS_EMBED_SWIFT_STANDARD_LIBRARIES = YES;
				CODE_SIGN_STYLE = Automatic;
				DEVELOPMENT_TEAM = DNTEV65YEZ;
				INFOPLIST_FILE = "Face-changingUITests/Info.plist";
				LD_RUNPATH_SEARCH_PATHS = "$(inherited) @executable_path/Frameworks @loader_path/Frameworks";
				PRODUCT_BUNDLE_IDENTIFIER = "wang.inferior.Face-changingUITests";
				PRODUCT_NAME = "$(TARGET_NAME)";
				SWIFT_VERSION = 4.0;
				TARGETED_DEVICE_FAMILY = "1,2";
				TEST_TARGET_NAME = "Face-changing";
			};
			name = Release;
		};
/* End XCBuildConfiguration section */

/* Begin XCConfigurationList section */
		75BFD1BF204E3C220027E708 /* Build configuration list for PBXProject "Face-changing" */ = {
			isa = XCConfigurationList;
			buildConfigurations = (
				75BFD1EC204E3C220027E708 /* Debug */,
				75BFD1ED204E3C220027E708 /* Release */,
			);
			defaultConfigurationIsVisible = 0;
			defaultConfigurationName = Release;
		};
		75BFD1EE204E3C220027E708 /* Build configuration list for PBXNativeTarget "Face-changing" */ = {
			isa = XCConfigurationList;
			buildConfigurations = (
				75BFD1EF204E3C220027E708 /* Debug */,
				75BFD1F0204E3C220027E708 /* Release */,
			);
			defaultConfigurationIsVisible = 0;
			defaultConfigurationName = Release;
		};
		75BFD1F1204E3C220027E708 /* Build configuration list for PBXNativeTarget "Face-changingTests" */ = {
			isa = XCConfigurationList;
			buildConfigurations = (
				75BFD1F2204E3C220027E708 /* Debug */,
				75BFD1F3204E3C220027E708 /* Release */,
			);
			defaultConfigurationIsVisible = 0;
			defaultConfigurationName = Release;
		};
		75BFD1F4204E3C220027E708 /* Build configuration list for PBXNativeTarget "Face-changingUITests" */ = {
			isa = XCConfigurationList;
			buildConfigurations = (
				75BFD1F5204E3C220027E708 /* Debug */,
				75BFD1F6204E3C220027E708 /* Release */,
			);
			defaultConfigurationIsVisible = 0;
			defaultConfigurationName = Release;
		};
/* End XCConfigurationList section */
	};
	rootObject = 75BFD1BC204E3C220027E708 /* Project object */;
}
